// !$*UTF8*$!
{
	archiveVersion = 1;
	classes = {
	};
	objectVersion = 50;
	objects = {

/* Begin PBXBuildFile section */
		AA32953A229C6AC50099649B /* AppDelegate.swift in Sources */ = {isa = PBXBuildFile; fileRef = AA329539229C6AC50099649B /* AppDelegate.swift */; };
		AA32953F229C6AC50099649B /* Main.storyboard in Resources */ = {isa = PBXBuildFile; fileRef = AA32953D229C6AC50099649B /* Main.storyboard */; };
		AA329541229C6AC60099649B /* Assets.xcassets in Resources */ = {isa = PBXBuildFile; fileRef = AA329540229C6AC60099649B /* Assets.xcassets */; };
		AA329544229C6AC60099649B /* LaunchScreen.storyboard in Resources */ = {isa = PBXBuildFile; fileRef = AA329542229C6AC60099649B /* LaunchScreen.storyboard */; };
		AAACFCD822A3F80E00399A25 /* OneTableViewCell.swift in Sources */ = {isa = PBXBuildFile; fileRef = AAACFCD722A3F80E00399A25 /* OneTableViewCell.swift */; };
		AAACFCDA22A3F84000399A25 /* DetailViewController.swift in Sources */ = {isa = PBXBuildFile; fileRef = AAACFCD922A3F84000399A25 /* DetailViewController.swift */; };
		AAACFCDC22A3F84700399A25 /* NewsViewController.swift in Sources */ = {isa = PBXBuildFile; fileRef = AAACFCDB22A3F84700399A25 /* NewsViewController.swift */; };
		AABBC061229DCEA200D98C54 /* NewsDataModel.swift in Sources */ = {isa = PBXBuildFile; fileRef = AABBC060229DCEA200D98C54 /* NewsDataModel.swift */; };
		AAC98067229F1A85001B1ADA /* NetworkManager.swift in Sources */ = {isa = PBXBuildFile; fileRef = AAC98066229F1A85001B1ADA /* NetworkManager.swift */; };
		AAC9806D229FDD24001B1ADA /* LoadImageManagerProtocol.swift in Sources */ = {isa = PBXBuildFile; fileRef = AAC9806C229FDD24001B1ADA /* LoadImageManagerProtocol.swift */; };
		AAC9806F229FDD34001B1ADA /* LoadImageManager.swift in Sources */ = {isa = PBXBuildFile; fileRef = AAC9806E229FDD34001B1ADA /* LoadImageManager.swift */; };
		AAC98072229FF551001B1ADA /* Proxy.swift in Sources */ = {isa = PBXBuildFile; fileRef = AAC98071229FF551001B1ADA /* Proxy.swift */; };
		AAC9807422A05001001B1ADA /* UrlGenerationManager.swift in Sources */ = {isa = PBXBuildFile; fileRef = AAC9807322A05001001B1ADA /* UrlGenerationManager.swift */; };
		AAC9807822A1C433001B1ADA /* NewsWorkModel.swift in Sources */ = {isa = PBXBuildFile; fileRef = AAC9807722A1C433001B1ADA /* NewsWorkModel.swift */; };
		AAC9807A22A1C4AC001B1ADA /* NewsViewModel.swift in Sources */ = {isa = PBXBuildFile; fileRef = AAC9807922A1C4AC001B1ADA /* NewsViewModel.swift */; };
		AAC9807C22A1CEE7001B1ADA /* TableViewCellViewModel.swift in Sources */ = {isa = PBXBuildFile; fileRef = AAC9807B22A1CEE7001B1ADA /* TableViewCellViewModel.swift */; };
/* End PBXBuildFile section */

/* Begin PBXFileReference section */
		AA329536229C6AC50099649B /* newsFeed.app */ = {isa = PBXFileReference; explicitFileType = wrapper.application; includeInIndex = 0; path = newsFeed.app; sourceTree = BUILT_PRODUCTS_DIR; };
		AA329539229C6AC50099649B /* AppDelegate.swift */ = {isa = PBXFileReference; lastKnownFileType = sourcecode.swift; path = AppDelegate.swift; sourceTree = "<group>"; };
		AA32953E229C6AC50099649B /* Base */ = {isa = PBXFileReference; lastKnownFileType = file.storyboard; name = Base; path = Base.lproj/Main.storyboard; sourceTree = "<group>"; };
		AA329540229C6AC60099649B /* Assets.xcassets */ = {isa = PBXFileReference; lastKnownFileType = folder.assetcatalog; path = Assets.xcassets; sourceTree = "<group>"; };
		AA329543229C6AC60099649B /* Base */ = {isa = PBXFileReference; lastKnownFileType = file.storyboard; name = Base; path = Base.lproj/LaunchScreen.storyboard; sourceTree = "<group>"; };
		AA329545229C6AC60099649B /* Info.plist */ = {isa = PBXFileReference; lastKnownFileType = text.plist.xml; path = Info.plist; sourceTree = "<group>"; };
		AAACFCD722A3F80E00399A25 /* OneTableViewCell.swift */ = {isa = PBXFileReference; fileEncoding = 4; lastKnownFileType = sourcecode.swift; path = OneTableViewCell.swift; sourceTree = "<group>"; };
		AAACFCD922A3F84000399A25 /* DetailViewController.swift */ = {isa = PBXFileReference; fileEncoding = 4; lastKnownFileType = sourcecode.swift; path = DetailViewController.swift; sourceTree = "<group>"; };
		AAACFCDB22A3F84700399A25 /* NewsViewController.swift */ = {isa = PBXFileReference; fileEncoding = 4; lastKnownFileType = sourcecode.swift; path = NewsViewController.swift; sourceTree = "<group>"; };
		AABBC060229DCEA200D98C54 /* NewsDataModel.swift */ = {isa = PBXFileReference; lastKnownFileType = sourcecode.swift; name = NewsDataModel.swift; path = ../NewsDataModel.swift; sourceTree = "<group>"; };
		AAC98066229F1A85001B1ADA /* NetworkManager.swift */ = {isa = PBXFileReference; lastKnownFileType = sourcecode.swift; path = NetworkManager.swift; sourceTree = "<group>"; };
		AAC9806C229FDD24001B1ADA /* LoadImageManagerProtocol.swift */ = {isa = PBXFileReference; lastKnownFileType = sourcecode.swift; name = LoadImageManagerProtocol.swift; path = ../LoadImageManagerProtocol.swift; sourceTree = "<group>"; };
		AAC9806E229FDD34001B1ADA /* LoadImageManager.swift */ = {isa = PBXFileReference; lastKnownFileType = sourcecode.swift; name = LoadImageManager.swift; path = ../LoadImageManager.swift; sourceTree = "<group>"; };
		AAC98071229FF551001B1ADA /* Proxy.swift */ = {isa = PBXFileReference; lastKnownFileType = sourcecode.swift; path = Proxy.swift; sourceTree = "<group>"; };
		AAC9807322A05001001B1ADA /* UrlGenerationManager.swift */ = {isa = PBXFileReference; lastKnownFileType = sourcecode.swift; path = UrlGenerationManager.swift; sourceTree = "<group>"; };
		AAC9807722A1C433001B1ADA /* NewsWorkModel.swift */ = {isa = PBXFileReference; lastKnownFileType = sourcecode.swift; path = NewsWorkModel.swift; sourceTree = "<group>"; };
		AAC9807922A1C4AC001B1ADA /* NewsViewModel.swift */ = {isa = PBXFileReference; lastKnownFileType = sourcecode.swift; path = NewsViewModel.swift; sourceTree = "<group>"; };
		AAC9807B22A1CEE7001B1ADA /* TableViewCellViewModel.swift */ = {isa = PBXFileReference; lastKnownFileType = sourcecode.swift; path = TableViewCellViewModel.swift; sourceTree = "<group>"; };
/* End PBXFileReference section */

/* Begin PBXFrameworksBuildPhase section */
		AA329533229C6AC50099649B /* Frameworks */ = {
			isa = PBXFrameworksBuildPhase;
			buildActionMask = 2147483647;
			files = (
			);
			runOnlyForDeploymentPostprocessing = 0;
		};
/* End PBXFrameworksBuildPhase section */

/* Begin PBXGroup section */
		AA32952D229C6AC50099649B = {
			isa = PBXGroup;
			children = (
				AA329538229C6AC50099649B /* newsFeed */,
				AA329537229C6AC50099649B /* Products */,
			);
			sourceTree = "<group>";
		};
		AA329537229C6AC50099649B /* Products */ = {
			isa = PBXGroup;
			children = (
				AA329536229C6AC50099649B /* newsFeed.app */,
			);
			name = Products;
			sourceTree = "<group>";
		};
		AA329538229C6AC50099649B /* newsFeed */ = {
			isa = PBXGroup;
			children = (
				AA329539229C6AC50099649B /* AppDelegate.swift */,
				AAC9807922A1C4AC001B1ADA /* NewsViewModel.swift */,
				AAC9807B22A1CEE7001B1ADA /* TableViewCellViewModel.swift */,
				AAC9807622A1C3CC001B1ADA /* View */,
				AAC98066229F1A85001B1ADA /* NetworkManager.swift */,
				AAC9807322A05001001B1ADA /* UrlGenerationManager.swift */,
				AAC98070229FDE80001B1ADA /* loadImgeService */,
				AA32953D229C6AC50099649B /* Main.storyboard */,
				AAC9807522A080A7001B1ADA /* Model */,
				AA329540229C6AC60099649B /* Assets.xcassets */,
				AA329542229C6AC60099649B /* LaunchScreen.storyboard */,
				AA329545229C6AC60099649B /* Info.plist */,
			);
			path = newsFeed;
			sourceTree = "<group>";
		};
		AAC98070229FDE80001B1ADA /* loadImgeService */ = {
			isa = PBXGroup;
			children = (
				AAC98071229FF551001B1ADA /* Proxy.swift */,
				AAC9806C229FDD24001B1ADA /* LoadImageManagerProtocol.swift */,
				AAC9806E229FDD34001B1ADA /* LoadImageManager.swift */,
			);
			path = loadImgeService;
			sourceTree = "<group>";
		};
		AAC9807522A080A7001B1ADA /* Model */ = {
			isa = PBXGroup;
			children = (
				AABBC060229DCEA200D98C54 /* NewsDataModel.swift */,
				AAC9807722A1C433001B1ADA /* NewsWorkModel.swift */,
			);
			path = Model;
			sourceTree = "<group>";
		};
		AAC9807622A1C3CC001B1ADA /* View */ = {
			isa = PBXGroup;
			children = (
				AAACFCDB22A3F84700399A25 /* NewsViewController.swift */,
				AAACFCD922A3F84000399A25 /* DetailViewController.swift */,
				AAACFCD722A3F80E00399A25 /* OneTableViewCell.swift */,
			);
			path = View;
			sourceTree = "<group>";
		};
/* End PBXGroup section */

/* Begin PBXNativeTarget section */
		AA329535229C6AC50099649B /* newsFeed */ = {
			isa = PBXNativeTarget;
			buildConfigurationList = AA329548229C6AC60099649B /* Build configuration list for PBXNativeTarget "newsFeed" */;
			buildPhases = (
				AA329532229C6AC50099649B /* Sources */,
				AA329533229C6AC50099649B /* Frameworks */,
				AA329534229C6AC50099649B /* Resources */,
			);
			buildRules = (
			);
			dependencies = (
			);
			name = newsFeed;
			productName = newsFeed;
			productReference = AA329536229C6AC50099649B /* newsFeed.app */;
			productType = "com.apple.product-type.application";
		};
/* End PBXNativeTarget section */

/* Begin PBXProject section */
		AA32952E229C6AC50099649B /* Project object */ = {
			isa = PBXProject;
			attributes = {
				LastSwiftUpdateCheck = 1020;
				LastUpgradeCheck = 1020;
				ORGANIZATIONNAME = "Денис Сидоренко";
				TargetAttributes = {
					AA329535229C6AC50099649B = {
						CreatedOnToolsVersion = 10.2.1;
					};
				};
			};
			buildConfigurationList = AA329531229C6AC50099649B /* Build configuration list for PBXProject "newsFeed" */;
			compatibilityVersion = "Xcode 9.3";
			developmentRegion = en;
			hasScannedForEncodings = 0;
			knownRegions = (
				en,
				Base,
			);
			mainGroup = AA32952D229C6AC50099649B;
			productRefGroup = AA329537229C6AC50099649B /* Products */;
			projectDirPath = "";
			projectRoot = "";
			targets = (
				AA329535229C6AC50099649B /* newsFeed */,
			);
		};
/* End PBXProject section */

/* Begin PBXResourcesBuildPhase section */
		AA329534229C6AC50099649B /* Resources */ = {
			isa = PBXResourcesBuildPhase;
			buildActionMask = 2147483647;
			files = (
				AA329544229C6AC60099649B /* LaunchScreen.storyboard in Resources */,
				AA329541229C6AC60099649B /* Assets.xcassets in Resources */,
				AA32953F229C6AC50099649B /* Main.storyboard in Resources */,
			);
			runOnlyForDeploymentPostprocessing = 0;
		};
/* End PBXResourcesBuildPhase section */

/* Begin PBXSourcesBuildPhase section */
		AA329532229C6AC50099649B /* Sources */ = {
			isa = PBXSourcesBuildPhase;
			buildActionMask = 2147483647;
			files = (
				AAC98067229F1A85001B1ADA /* NetworkManager.swift in Sources */,
				AABBC061229DCEA200D98C54 /* NewsDataModel.swift in Sources */,
				AAC9806D229FDD24001B1ADA /* LoadImageManagerProtocol.swift in Sources */,
				AAACFCDA22A3F84000399A25 /* DetailViewController.swift in Sources */,
				AAC9807822A1C433001B1ADA /* NewsWorkModel.swift in Sources */,
				AAACFCD822A3F80E00399A25 /* OneTableViewCell.swift in Sources */,
				AAC98072229FF551001B1ADA /* Proxy.swift in Sources */,
				AAC9807422A05001001B1ADA /* UrlGenerationManager.swift in Sources */,
				AAACFCDC22A3F84700399A25 /* NewsViewController.swift in Sources */,
				AA32953A229C6AC50099649B /* AppDelegate.swift in Sources */,
				AAC9807C22A1CEE7001B1ADA /* TableViewCellViewModel.swift in Sources */,
				AAC9807A22A1C4AC001B1ADA /* NewsViewModel.swift in Sources */,
				AAC9806F229FDD34001B1ADA /* LoadImageManager.swift in Sources */,
			);
			runOnlyForDeploymentPostprocessing = 0;
		};
/* End PBXSourcesBuildPhase section */

/* Begin PBXVariantGroup section */
		AA32953D229C6AC50099649B /* Main.storyboard */ = {
			isa = PBXVariantGroup;
			children = (
				AA32953E229C6AC50099649B /* Base */,
			);
			name = Main.storyboard;
			sourceTree = "<group>";
		};
		AA329542229C6AC60099649B /* LaunchScreen.storyboard */ = {
			isa = PBXVariantGroup;
			children = (
				AA329543229C6AC60099649B /* Base */,
			);
			name = LaunchScreen.storyboard;
			sourceTree = "<group>";
		};
/* End PBXVariantGroup section */

/* Begin XCBuildConfiguration section */
		AA329546229C6AC60099649B /* Debug */ = {
			isa = XCBuildConfiguration;
			buildSettings = {
				ALWAYS_SEARCH_USER_PATHS = NO;
				CLANG_ANALYZER_NONNULL = YES;
				CLANG_ANALYZER_NUMBER_OBJECT_CONVERSION = YES_AGGRESSIVE;
				CLANG_CXX_LANGUAGE_STANDARD = "gnu++14";
				CLANG_CXX_LIBRARY = "libc++";
				CLANG_ENABLE_MODULES = YES;
				CLANG_ENABLE_OBJC_ARC = YES;
				CLANG_ENABLE_OBJC_WEAK = YES;
				CLANG_WARN_BLOCK_CAPTURE_AUTORELEASING = YES;
				CLANG_WARN_BOOL_CONVERSION = YES;
				CLANG_WARN_COMMA = YES;
				CLANG_WARN_CONSTANT_CONVERSION = YES;
				CLANG_WARN_DEPRECATED_OBJC_IMPLEMENTATIONS = YES;
				CLANG_WARN_DIRECT_OBJC_ISA_USAGE = YES_ERROR;
				CLANG_WARN_DOCUMENTATION_COMMENTS = YES;
				CLANG_WARN_EMPTY_BODY = YES;
				CLANG_WARN_ENUM_CONVERSION = YES;
				CLANG_WARN_INFINITE_RECURSION = YES;
				CLANG_WARN_INT_CONVERSION = YES;
				CLANG_WARN_NON_LITERAL_NULL_CONVERSION = YES;
				CLANG_WARN_OBJC_IMPLICIT_RETAIN_SELF = YES;
				CLANG_WARN_OBJC_LITERAL_CONVERSION = YES;
				CLANG_WARN_OBJC_ROOT_CLASS = YES_ERROR;
				CLANG_WARN_RANGE_LOOP_ANALYSIS = YES;
				CLANG_WARN_STRICT_PROTOTYPES = YES;
				CLANG_WARN_SUSPICIOUS_MOVE = YES;
				CLANG_WARN_UNGUARDED_AVAILABILITY = YES_AGGRESSIVE;
				CLANG_WARN_UNREACHABLE_CODE = YES;
				CLANG_WARN__DUPLICATE_METHOD_MATCH = YES;
				CODE_SIGN_IDENTITY = "iPhone Developer";
				COPY_PHASE_STRIP = NO;
				DEBUG_INFORMATION_FORMAT = dwarf;
				ENABLE_STRICT_OBJC_MSGSEND = YES;
				ENABLE_TESTABILITY = YES;
				GCC_C_LANGUAGE_STANDARD = gnu11;
				GCC_DYNAMIC_NO_PIC = NO;
				GCC_NO_COMMON_BLOCKS = YES;
				GCC_OPTIMIZATION_LEVEL = 0;
				GCC_PREPROCESSOR_DEFINITIONS = (
					"DEBUG=1",
					"$(inherited)",
				);
				GCC_WARN_64_TO_32_BIT_CONVERSION = YES;
				GCC_WARN_ABOUT_RETURN_TYPE = YES_ERROR;
				GCC_WARN_UNDECLARED_SELECTOR = YES;
				GCC_WARN_UNINITIALIZED_AUTOS = YES_AGGRESSIVE;
				GCC_WARN_UNUSED_FUNCTION = YES;
				GCC_WARN_UNUSED_VARIABLE = YES;
				IPHONEOS_DEPLOYMENT_TARGET = 12.2;
				MTL_ENABLE_DEBUG_INFO = INCLUDE_SOURCE;
				MTL_FAST_MATH = YES;
				ONLY_ACTIVE_ARCH = YES;
				SDKROOT = iphoneos;
				SWIFT_ACTIVE_COMPILATION_CONDITIONS = DEBUG;
				SWIFT_OPTIMIZATION_LEVEL = "-Onone";
			};
			name = Debug;
		};
		AA329547229C6AC60099649B /* Release */ = {
			isa = XCBuildConfiguration;
			buildSettings = {
				ALWAYS_SEARCH_USER_PATHS = NO;
				CLANG_ANALYZER_NONNULL = YES;
				CLANG_ANALYZER_NUMBER_OBJECT_CONVERSION = YES_AGGRESSIVE;
				CLANG_CXX_LANGUAGE_STANDARD = "gnu++14";
				CLANG_CXX_LIBRARY = "libc++";
				CLANG_ENABLE_MODULES = YES;
				CLANG_ENABLE_OBJC_ARC = YES;
				CLANG_ENABLE_OBJC_WEAK = YES;
				CLANG_WARN_BLOCK_CAPTURE_AUTORELEASING = YES;
				CLANG_WARN_BOOL_CONVERSION = YES;
				CLANG_WARN_COMMA = YES;
				CLANG_WARN_CONSTANT_CONVERSION = YES;
				CLANG_WARN_DEPRECATED_OBJC_IMPLEMENTATIONS = YES;
				CLANG_WARN_DIRECT_OBJC_ISA_USAGE = YES_ERROR;
				CLANG_WARN_DOCUMENTATION_COMMENTS = YES;
				CLANG_WARN_EMPTY_BODY = YES;
				CLANG_WARN_ENUM_CONVERSION = YES;
				CLANG_WARN_INFINITE_RECURSION = YES;
				CLANG_WARN_INT_CONVERSION = YES;
				CLANG_WARN_NON_LITERAL_NULL_CONVERSION = YES;
				CLANG_WARN_OBJC_IMPLICIT_RETAIN_SELF = YES;
				CLANG_WARN_OBJC_LITERAL_CONVERSION = YES;
				CLANG_WARN_OBJC_ROOT_CLASS = YES_ERROR;
				CLANG_WARN_RANGE_LOOP_ANALYSIS = YES;
				CLANG_WARN_STRICT_PROTOTYPES = YES;
				CLANG_WARN_SUSPICIOUS_MOVE = YES;
				CLANG_WARN_UNGUARDED_AVAILABILITY = YES_AGGRESSIVE;
				CLANG_WARN_UNREACHABLE_CODE = YES;
				CLANG_WARN__DUPLICATE_METHOD_MATCH = YES;
				CODE_SIGN_IDENTITY = "iPhone Developer";
				COPY_PHASE_STRIP = NO;
				DEBUG_INFORMATION_FORMAT = "dwarf-with-dsym";
				ENABLE_NS_ASSERTIONS = NO;
				ENABLE_STRICT_OBJC_MSGSEND = YES;
				GCC_C_LANGUAGE_STANDARD = gnu11;
				GCC_NO_COMMON_BLOCKS = YES;
				GCC_WARN_64_TO_32_BIT_CONVERSION = YES;
				GCC_WARN_ABOUT_RETURN_TYPE = YES_ERROR;
				GCC_WARN_UNDECLARED_SELECTOR = YES;
				GCC_WARN_UNINITIALIZED_AUTOS = YES_AGGRESSIVE;
				GCC_WARN_UNUSED_FUNCTION = YES;
				GCC_WARN_UNUSED_VARIABLE = YES;
				IPHONEOS_DEPLOYMENT_TARGET = 12.2;
				MTL_ENABLE_DEBUG_INFO = NO;
				MTL_FAST_MATH = YES;
				SDKROOT = iphoneos;
				SWIFT_COMPILATION_MODE = wholemodule;
				SWIFT_OPTIMIZATION_LEVEL = "-O";
				VALIDATE_PRODUCT = YES;
			};
			name = Release;
		};
		AA329549229C6AC60099649B /* Debug */ = {
			isa = XCBuildConfiguration;
			buildSettings = {
				ASSETCATALOG_COMPILER_APPICON_NAME = AppIcon;
				CODE_SIGN_STYLE = Automatic;
				DEVELOPMENT_TEAM = QAR5YBA9QY;
				INFOPLIST_FILE = newsFeed/Info.plist;
				IPHONEOS_DEPLOYMENT_TARGET = 12.0;
				LD_RUNPATH_SEARCH_PATHS = (
					"$(inherited)",
					"@executable_path/Frameworks",
				);
				PRODUCT_BUNDLE_IDENTIFIER = hello.newsFeed;
				PRODUCT_NAME = "$(TARGET_NAME)";
				SWIFT_VERSION = 5.0;
				TARGETED_DEVICE_FAMILY = "1,2";
			};
			name = Debug;
		};
		AA32954A229C6AC60099649B /* Release */ = {
			isa = XCBuildConfiguration;
			buildSettings = {
				ASSETCATALOG_COMPILER_APPICON_NAME = AppIcon;
				CODE_SIGN_STYLE = Automatic;
				DEVELOPMENT_TEAM = QAR5YBA9QY;
				INFOPLIST_FILE = newsFeed/Info.plist;
				IPHONEOS_DEPLOYMENT_TARGET = 12.0;
				LD_RUNPATH_SEARCH_PATHS = (
					"$(inherited)",
					"@executable_path/Frameworks",
				);
				PRODUCT_BUNDLE_IDENTIFIER = hello.newsFeed;
				PRODUCT_NAME = "$(TARGET_NAME)";
				SWIFT_VERSION = 5.0;
				TARGETED_DEVICE_FAMILY = "1,2";
			};
			name = Release;
		};
/* End XCBuildConfiguration section */

/* Begin XCConfigurationList section */
		AA329531229C6AC50099649B /* Build configuration list for PBXProject "newsFeed" */ = {
			isa = XCConfigurationList;
			buildConfigurations = (
				AA329546229C6AC60099649B /* Debug */,
				AA329547229C6AC60099649B /* Release */,
			);
			defaultConfigurationIsVisible = 0;
			defaultConfigurationName = Release;
		};
		AA329548229C6AC60099649B /* Build configuration list for PBXNativeTarget "newsFeed" */ = {
			isa = XCConfigurationList;
			buildConfigurations = (
				AA329549229C6AC60099649B /* Debug */,
				AA32954A229C6AC60099649B /* Release */,
			);
			defaultConfigurationIsVisible = 0;
			defaultConfigurationName = Release;
		};
/* End XCConfigurationList section */
	};
	rootObject = AA32952E229C6AC50099649B /* Project object */;
}
